
Microsoft Visual Studio Solution File, Format Version 12.00
# Visual Studio 15
VisualStudioVersion = 15.0.28010.2050
MinimumVisualStudioVersion = 10.0.40219.1
Project("{FAE04EC0-301F-11D3-BF4B-00C04F79EFBC}") = "EulaProject", "EulaProject\EulaProject.csproj", "{7A239BA3-6E81-45FF-AB98-17A727BF23D7}"
EndProject
Project("{FAE04EC0-301F-11D3-BF4B-00C04F79EFBC}") = "Primenumbers", "Primenumbers\Primenumbers.csproj", "{E5B8B6E3-BE8E-4BD7-9209-FDD16D8D82D4}"
EndProject
Project("{FAE04EC0-301F-11D3-BF4B-00C04F79EFBC}") = "PrimeFactors", "PrimeFactors\PrimeFactors.csproj", "{168CB8BA-569B-446C-A692-5CB9A82C62BD}"
EndProject
Project("{9A19103F-16F7-4668-BE54-9A1E7A4F7556}") = "Palindrome", "Palindrome\Palindrome.csproj", "{D183AB36-74A3-4410-83F5-A04B2116DB5B}"
EndProject
Project("{FAE04EC0-301F-11D3-BF4B-00C04F79EFBC}") = "BubbleSort", "BubbleSort\BubbleSort.csproj", "{420D577A-08D0-4791-B2ED-DE665AB300EF}"
EndProject
Global
	GlobalSection(SolutionConfigurationPlatforms) = preSolution
		Debug|Any CPU = Debug|Any CPU
		Release|Any CPU = Release|Any CPU
	EndGlobalSection
	GlobalSection(ProjectConfigurationPlatforms) = postSolution
		{7A239BA3-6E81-45FF-AB98-17A727BF23D7}.Debug|Any CPU.ActiveCfg = Debug|Any CPU
		{7A239BA3-6E81-45FF-AB98-17A727BF23D7}.Debug|Any CPU.Build.0 = Debug|Any CPU
		{7A239BA3-6E81-45FF-AB98-17A727BF23D7}.Release|Any CPU.ActiveCfg = Release|Any CPU
		{7A239BA3-6E81-45FF-AB98-17A727BF23D7}.Release|Any CPU.Build.0 = Release|Any CPU
		{E5B8B6E3-BE8E-4BD7-9209-FDD16D8D82D4}.Debug|Any CPU.ActiveCfg = Debug|Any CPU
		{E5B8B6E3-BE8E-4BD7-9209-FDD16D8D82D4}.Debug|Any CPU.Build.0 = Debug|Any CPU
		{E5B8B6E3-BE8E-4BD7-9209-FDD16D8D82D4}.Release|Any CPU.ActiveCfg = Release|Any CPU
		{E5B8B6E3-BE8E-4BD7-9209-FDD16D8D82D4}.Release|Any CPU.Build.0 = Release|Any CPU
		{168CB8BA-569B-446C-A692-5CB9A82C62BD}.Debug|Any CPU.ActiveCfg = Debug|Any CPU
		{168CB8BA-569B-446C-A692-5CB9A82C62BD}.Debug|Any CPU.Build.0 = Debug|Any CPU
		{168CB8BA-569B-446C-A692-5CB9A82C62BD}.Release|Any CPU.ActiveCfg = Release|Any CPU
		{168CB8BA-569B-446C-A692-5CB9A82C62BD}.Release|Any CPU.Build.0 = Release|Any CPU
		{D183AB36-74A3-4410-83F5-A04B2116DB5B}.Debug|Any CPU.ActiveCfg = Debug|Any CPU
		{D183AB36-74A3-4410-83F5-A04B2116DB5B}.Debug|Any CPU.Build.0 = Debug|Any CPU
		{D183AB36-74A3-4410-83F5-A04B2116DB5B}.Release|Any CPU.ActiveCfg = Release|Any CPU
		{D183AB36-74A3-4410-83F5-A04B2116DB5B}.Release|Any CPU.Build.0 = Release|Any CPU
		{420D577A-08D0-4791-B2ED-DE665AB300EF}.Debug|Any CPU.ActiveCfg = Debug|Any CPU
		{420D577A-08D0-4791-B2ED-DE665AB300EF}.Debug|Any CPU.Build.0 = Debug|Any CPU
		{420D577A-08D0-4791-B2ED-DE665AB300EF}.Release|Any CPU.ActiveCfg = Release|Any CPU
		{420D577A-08D0-4791-B2ED-DE665AB300EF}.Release|Any CPU.Build.0 = Release|Any CPU
	EndGlobalSection
	GlobalSection(SolutionProperties) = preSolution
		HideSolutionNode = FALSE
	EndGlobalSection
	GlobalSection(ExtensibilityGlobals) = postSolution
		SolutionGuid = {EBAF04B0-6515-4D4A-A08E-E41651B7C9EA}
	EndGlobalSection
EndGlobal
